// !$*UTF8*$!
{
	archiveVersion = 1;
	classes = {
	};
	objectVersion = 55;
	objects = {

/* Begin PBXBuildFile section */
		6237A06F284538DC00BD73BA /* AppDelegate.swift in Sources */ = {isa = PBXBuildFile; fileRef = 6237A06E284538DC00BD73BA /* AppDelegate.swift */; };
		6237A078284538DC00BD73BA /* Assets.xcassets in Resources */ = {isa = PBXBuildFile; fileRef = 6237A077284538DC00BD73BA /* Assets.xcassets */; };
		6237A07B284538DC00BD73BA /* LaunchScreen.storyboard in Resources */ = {isa = PBXBuildFile; fileRef = 6237A079284538DC00BD73BA /* LaunchScreen.storyboard */; };
		6237A08D28453FA500BD73BA /* BRScanKit.xcframework in Frameworks */ = {isa = PBXBuildFile; fileRef = 6237A08B28453F9E00BD73BA /* BRScanKit.xcframework */; };
		6237A08E28453FA500BD73BA /* BRScanKit.xcframework in Embed Frameworks */ = {isa = PBXBuildFile; fileRef = 6237A08B28453F9E00BD73BA /* BRScanKit.xcframework */; settings = {ATTRIBUTES = (CodeSignOnCopy, RemoveHeadersOnCopy, ); }; };
		6237A0982845432600BD73BA /* Montserrat-VariableFont_wght.ttf in Resources */ = {isa = PBXBuildFile; fileRef = 6237A0962845432600BD73BA /* Montserrat-VariableFont_wght.ttf */; };
		6237A0992845432600BD73BA /* Montserrat-Italic-VariableFont_wght.ttf in Resources */ = {isa = PBXBuildFile; fileRef = 6237A0972845432600BD73BA /* Montserrat-Italic-VariableFont_wght.ttf */; };
		6237A09C2845437300BD73BA /* ClingstoneColor.swift in Sources */ = {isa = PBXBuildFile; fileRef = 6237A09B2845437300BD73BA /* ClingstoneColor.swift */; };
		6237A0A0284543E900BD73BA /* ClingstoneLabel.swift in Sources */ = {isa = PBXBuildFile; fileRef = 6237A09F284543E900BD73BA /* ClingstoneLabel.swift */; };
		6237A0A32845442600BD73BA /* UIFont+Clingstone.swift in Sources */ = {isa = PBXBuildFile; fileRef = 6237A0A22845442600BD73BA /* UIFont+Clingstone.swift */; };
		6237A0A6284544A700BD73BA /* ClingstoneButton.swift in Sources */ = {isa = PBXBuildFile; fileRef = 6237A0A5284544A700BD73BA /* ClingstoneButton.swift */; };
		6237A0A82845453700BD73BA /* SetupScannerVC.swift in Sources */ = {isa = PBXBuildFile; fileRef = 6237A0A72845453700BD73BA /* SetupScannerVC.swift */; };
		6237A0AA2845454100BD73BA /* SetupScannerVM.swift in Sources */ = {isa = PBXBuildFile; fileRef = 6237A0A92845454100BD73BA /* SetupScannerVM.swift */; };
		6237A0AC2845454A00BD73BA /* SetupScannerView.swift in Sources */ = {isa = PBXBuildFile; fileRef = 6237A0AB2845454A00BD73BA /* SetupScannerView.swift */; };
		6237A0AE2845456800BD73BA /* LaunchManager.swift in Sources */ = {isa = PBXBuildFile; fileRef = 6237A0AD2845456800BD73BA /* LaunchManager.swift */; };
		F6EF7F4EB569F6BEFA5FF636 /* Pods_keanus_checkout_ios.framework in Frameworks */ = {isa = PBXBuildFile; fileRef = 55B28DC238E3E084486E6324 /* Pods_keanus_checkout_ios.framework */; };
/* End PBXBuildFile section */

/* Begin PBXCopyFilesBuildPhase section */
		6237A08628453B0800BD73BA /* Embed Frameworks */ = {
			isa = PBXCopyFilesBuildPhase;
			buildActionMask = 2147483647;
			dstPath = "";
			dstSubfolderSpec = 10;
			files = (
				6237A08E28453FA500BD73BA /* BRScanKit.xcframework in Embed Frameworks */,
			);
			name = "Embed Frameworks";
			runOnlyForDeploymentPostprocessing = 0;
		};
/* End PBXCopyFilesBuildPhase section */

/* Begin PBXFileReference section */
		55B28DC238E3E084486E6324 /* Pods_keanus_checkout_ios.framework */ = {isa = PBXFileReference; explicitFileType = wrapper.framework; includeInIndex = 0; path = Pods_keanus_checkout_ios.framework; sourceTree = BUILT_PRODUCTS_DIR; };
		6237A06B284538DC00BD73BA /* keanus_checkout_ios.app */ = {isa = PBXFileReference; explicitFileType = wrapper.application; includeInIndex = 0; path = keanus_checkout_ios.app; sourceTree = BUILT_PRODUCTS_DIR; };
		6237A06E284538DC00BD73BA /* AppDelegate.swift */ = {isa = PBXFileReference; lastKnownFileType = sourcecode.swift; path = AppDelegate.swift; sourceTree = "<group>"; };
		6237A077284538DC00BD73BA /* Assets.xcassets */ = {isa = PBXFileReference; lastKnownFileType = folder.assetcatalog; path = Assets.xcassets; sourceTree = "<group>"; };
		6237A07A284538DC00BD73BA /* Base */ = {isa = PBXFileReference; lastKnownFileType = file.storyboard; name = Base; path = Base.lproj/LaunchScreen.storyboard; sourceTree = "<group>"; };
		6237A07C284538DD00BD73BA /* Info.plist */ = {isa = PBXFileReference; lastKnownFileType = text.plist.xml; path = Info.plist; sourceTree = "<group>"; };
		6237A08B28453F9E00BD73BA /* BRScanKit.xcframework */ = {isa = PBXFileReference; lastKnownFileType = wrapper.xcframework; path = BRScanKit.xcframework; sourceTree = "<group>"; };
		6237A0962845432600BD73BA /* Montserrat-VariableFont_wght.ttf */ = {isa = PBXFileReference; lastKnownFileType = file; path = "Montserrat-VariableFont_wght.ttf"; sourceTree = "<group>"; };
		6237A0972845432600BD73BA /* Montserrat-Italic-VariableFont_wght.ttf */ = {isa = PBXFileReference; lastKnownFileType = file; path = "Montserrat-Italic-VariableFont_wght.ttf"; sourceTree = "<group>"; };
		6237A09B2845437300BD73BA /* ClingstoneColor.swift */ = {isa = PBXFileReference; fileEncoding = 4; lastKnownFileType = sourcecode.swift; path = ClingstoneColor.swift; sourceTree = "<group>"; };
		6237A09F284543E900BD73BA /* ClingstoneLabel.swift */ = {isa = PBXFileReference; fileEncoding = 4; lastKnownFileType = sourcecode.swift; path = ClingstoneLabel.swift; sourceTree = "<group>"; };
		6237A0A22845442600BD73BA /* UIFont+Clingstone.swift */ = {isa = PBXFileReference; fileEncoding = 4; lastKnownFileType = sourcecode.swift; path = "UIFont+Clingstone.swift"; sourceTree = "<group>"; };
		6237A0A5284544A700BD73BA /* ClingstoneButton.swift */ = {isa = PBXFileReference; fileEncoding = 4; lastKnownFileType = sourcecode.swift; path = ClingstoneButton.swift; sourceTree = "<group>"; };
		6237A0A72845453700BD73BA /* SetupScannerVC.swift */ = {isa = PBXFileReference; lastKnownFileType = sourcecode.swift; path = SetupScannerVC.swift; sourceTree = "<group>"; };
		6237A0A92845454100BD73BA /* SetupScannerVM.swift */ = {isa = PBXFileReference; lastKnownFileType = sourcecode.swift; path = SetupScannerVM.swift; sourceTree = "<group>"; };
		6237A0AB2845454A00BD73BA /* SetupScannerView.swift */ = {isa = PBXFileReference; lastKnownFileType = sourcecode.swift; path = SetupScannerView.swift; sourceTree = "<group>"; };
		6237A0AD2845456800BD73BA /* LaunchManager.swift */ = {isa = PBXFileReference; fileEncoding = 4; lastKnownFileType = sourcecode.swift; path = LaunchManager.swift; sourceTree = "<group>"; };
		72FC978E00FA9030526FEC16 /* Pods-keanus_checkout_ios.release.xcconfig */ = {isa = PBXFileReference; includeInIndex = 1; lastKnownFileType = text.xcconfig; name = "Pods-keanus_checkout_ios.release.xcconfig"; path = "Target Support Files/Pods-keanus_checkout_ios/Pods-keanus_checkout_ios.release.xcconfig"; sourceTree = "<group>"; };
		78CCA053A757BCBC8B2CBFAD /* Pods-keanus_checkout_ios.debug.xcconfig */ = {isa = PBXFileReference; includeInIndex = 1; lastKnownFileType = text.xcconfig; name = "Pods-keanus_checkout_ios.debug.xcconfig"; path = "Target Support Files/Pods-keanus_checkout_ios/Pods-keanus_checkout_ios.debug.xcconfig"; sourceTree = "<group>"; };
/* End PBXFileReference section */

/* Begin PBXFrameworksBuildPhase section */
		6237A068284538DC00BD73BA /* Frameworks */ = {
			isa = PBXFrameworksBuildPhase;
			buildActionMask = 2147483647;
			files = (
				F6EF7F4EB569F6BEFA5FF636 /* Pods_keanus_checkout_ios.framework in Frameworks */,
				6237A08D28453FA500BD73BA /* BRScanKit.xcframework in Frameworks */,
			);
			runOnlyForDeploymentPostprocessing = 0;
		};
/* End PBXFrameworksBuildPhase section */

/* Begin PBXGroup section */
		525D0DF39FAC154F2E1523B6 /* Frameworks */ = {
			isa = PBXGroup;
			children = (
				6237A08B28453F9E00BD73BA /* BRScanKit.xcframework */,
				55B28DC238E3E084486E6324 /* Pods_keanus_checkout_ios.framework */,
			);
			name = Frameworks;
			sourceTree = "<group>";
		};
		6237A062284538DC00BD73BA = {
			isa = PBXGroup;
			children = (
				6237A06D284538DC00BD73BA /* keanus_checkout_ios */,
				6237A06C284538DC00BD73BA /* Products */,
				83359DDAD17352FD56F3E9FB /* Pods */,
				525D0DF39FAC154F2E1523B6 /* Frameworks */,
			);
			sourceTree = "<group>";
		};
		6237A06C284538DC00BD73BA /* Products */ = {
			isa = PBXGroup;
			children = (
				6237A06B284538DC00BD73BA /* keanus_checkout_ios.app */,
			);
			name = Products;
			sourceTree = "<group>";
		};
		6237A06D284538DC00BD73BA /* keanus_checkout_ios */ = {
			isa = PBXGroup;
			children = (
				6237A09D284543DD00BD73BA /* Custom */,
				6237A0902845419300BD73BA /* Resources */,
				6237A08F2845418B00BD73BA /* Features */,
				6237A06E284538DC00BD73BA /* AppDelegate.swift */,
				6237A0AD2845456800BD73BA /* LaunchManager.swift */,
				6237A07C284538DD00BD73BA /* Info.plist */,
			);
			path = keanus_checkout_ios;
			sourceTree = "<group>";
		};
		6237A08F2845418B00BD73BA /* Features */ = {
			isa = PBXGroup;
			children = (
				6237A093284542F400BD73BA /* SetupScanner */,
				6237A0912845419E00BD73BA /* LaunchScreen */,
			);
			path = Features;
			sourceTree = "<group>";
		};
		6237A0902845419300BD73BA /* Resources */ = {
			isa = PBXGroup;
			children = (
				6237A09A2845437300BD73BA /* Colors */,
				6237A0942845432600BD73BA /* Fonts */,
				6237A077284538DC00BD73BA /* Assets.xcassets */,
			);
			path = Resources;
			sourceTree = "<group>";
		};
		6237A0912845419E00BD73BA /* LaunchScreen */ = {
			isa = PBXGroup;
			children = (
				6237A079284538DC00BD73BA /* LaunchScreen.storyboard */,
			);
			path = LaunchScreen;
			sourceTree = "<group>";
		};
		6237A093284542F400BD73BA /* SetupScanner */ = {
			isa = PBXGroup;
			children = (
				6237A0A72845453700BD73BA /* SetupScannerVC.swift */,
				6237A0A92845454100BD73BA /* SetupScannerVM.swift */,
				6237A0AB2845454A00BD73BA /* SetupScannerView.swift */,
			);
			path = SetupScanner;
			sourceTree = "<group>";
		};
		6237A0942845432600BD73BA /* Fonts */ = {
			isa = PBXGroup;
			children = (
				6237A0952845432600BD73BA /* Montserrat */,
			);
			path = Fonts;
			sourceTree = "<group>";
		};
		6237A0952845432600BD73BA /* Montserrat */ = {
			isa = PBXGroup;
			children = (
				6237A0962845432600BD73BA /* Montserrat-VariableFont_wght.ttf */,
				6237A0972845432600BD73BA /* Montserrat-Italic-VariableFont_wght.ttf */,
			);
			path = Montserrat;
			sourceTree = "<group>";
		};
		6237A09A2845437300BD73BA /* Colors */ = {
			isa = PBXGroup;
			children = (
				6237A09B2845437300BD73BA /* ClingstoneColor.swift */,
			);
			path = Colors;
			sourceTree = "<group>";
		};
		6237A09D284543DD00BD73BA /* Custom */ = {
			isa = PBXGroup;
			children = (
				6237A0A4284544A700BD73BA /* Button */,
				6237A0A12845441800BD73BA /* Extensions */,
				6237A09E284543E900BD73BA /* Label */,
			);
			path = Custom;
			sourceTree = "<group>";
		};
		6237A09E284543E900BD73BA /* Label */ = {
			isa = PBXGroup;
			children = (
				6237A09F284543E900BD73BA /* ClingstoneLabel.swift */,
			);
			path = Label;
			sourceTree = "<group>";
		};
		6237A0A12845441800BD73BA /* Extensions */ = {
			isa = PBXGroup;
			children = (
				6237A0A22845442600BD73BA /* UIFont+Clingstone.swift */,
			);
			path = Extensions;
			sourceTree = "<group>";
		};
		6237A0A4284544A700BD73BA /* Button */ = {
			isa = PBXGroup;
			children = (
				6237A0A5284544A700BD73BA /* ClingstoneButton.swift */,
			);
			path = Button;
			sourceTree = "<group>";
		};
		83359DDAD17352FD56F3E9FB /* Pods */ = {
			isa = PBXGroup;
			children = (
				78CCA053A757BCBC8B2CBFAD /* Pods-keanus_checkout_ios.debug.xcconfig */,
				72FC978E00FA9030526FEC16 /* Pods-keanus_checkout_ios.release.xcconfig */,
			);
			path = Pods;
			sourceTree = "<group>";
		};
/* End PBXGroup section */

/* Begin PBXNativeTarget section */
		6237A06A284538DC00BD73BA /* keanus_checkout_ios */ = {
			isa = PBXNativeTarget;
			buildConfigurationList = 6237A07F284538DD00BD73BA /* Build configuration list for PBXNativeTarget "keanus_checkout_ios" */;
			buildPhases = (
				A6B862E3C3522878E4074DB2 /* [CP] Check Pods Manifest.lock */,
				6237A067284538DC00BD73BA /* Sources */,
				6237A068284538DC00BD73BA /* Frameworks */,
				6237A069284538DC00BD73BA /* Resources */,
				9903D9425475FE43639C4C91 /* [CP] Embed Pods Frameworks */,
				6237A08628453B0800BD73BA /* Embed Frameworks */,
			);
			buildRules = (
			);
			dependencies = (
			);
			name = keanus_checkout_ios;
			productName = keanus_checkout_ios;
			productReference = 6237A06B284538DC00BD73BA /* keanus_checkout_ios.app */;
			productType = "com.apple.product-type.application";
		};
/* End PBXNativeTarget section */

/* Begin PBXProject section */
		6237A063284538DC00BD73BA /* Project object */ = {
			isa = PBXProject;
			attributes = {
				BuildIndependentTargetsInParallel = 1;
				LastSwiftUpdateCheck = 1330;
				LastUpgradeCheck = 1330;
				TargetAttributes = {
					6237A06A284538DC00BD73BA = {
						CreatedOnToolsVersion = 13.3.1;
					};
				};
			};
			buildConfigurationList = 6237A066284538DC00BD73BA /* Build configuration list for PBXProject "keanus_checkout_ios" */;
			compatibilityVersion = "Xcode 13.0";
			developmentRegion = en;
			hasScannedForEncodings = 0;
			knownRegions = (
				en,
				Base,
			);
			mainGroup = 6237A062284538DC00BD73BA;
			productRefGroup = 6237A06C284538DC00BD73BA /* Products */;
			projectDirPath = "";
			projectRoot = "";
			targets = (
				6237A06A284538DC00BD73BA /* keanus_checkout_ios */,
			);
		};
/* End PBXProject section */

/* Begin PBXResourcesBuildPhase section */
		6237A069284538DC00BD73BA /* Resources */ = {
			isa = PBXResourcesBuildPhase;
			buildActionMask = 2147483647;
			files = (
				6237A0992845432600BD73BA /* Montserrat-Italic-VariableFont_wght.ttf in Resources */,
				6237A07B284538DC00BD73BA /* LaunchScreen.storyboard in Resources */,
				6237A0982845432600BD73BA /* Montserrat-VariableFont_wght.ttf in Resources */,
				6237A078284538DC00BD73BA /* Assets.xcassets in Resources */,
			);
			runOnlyForDeploymentPostprocessing = 0;
		};
/* End PBXResourcesBuildPhase section */

/* Begin PBXShellScriptBuildPhase section */
		9903D9425475FE43639C4C91 /* [CP] Embed Pods Frameworks */ = {
			isa = PBXShellScriptBuildPhase;
			buildActionMask = 2147483647;
			files = (
			);
			inputFileListPaths = (
				"${PODS_ROOT}/Target Support Files/Pods-keanus_checkout_ios/Pods-keanus_checkout_ios-frameworks-${CONFIGURATION}-input-files.xcfilelist",
			);
			name = "[CP] Embed Pods Frameworks";
			outputFileListPaths = (
				"${PODS_ROOT}/Target Support Files/Pods-keanus_checkout_ios/Pods-keanus_checkout_ios-frameworks-${CONFIGURATION}-output-files.xcfilelist",
			);
			runOnlyForDeploymentPostprocessing = 0;
			shellPath = /bin/sh;
			shellScript = "\"${PODS_ROOT}/Target Support Files/Pods-keanus_checkout_ios/Pods-keanus_checkout_ios-frameworks.sh\"\n";
			showEnvVarsInLog = 0;
		};
		A6B862E3C3522878E4074DB2 /* [CP] Check Pods Manifest.lock */ = {
			isa = PBXShellScriptBuildPhase;
			buildActionMask = 2147483647;
			files = (
			);
			inputFileListPaths = (
			);
			inputPaths = (
				"${PODS_PODFILE_DIR_PATH}/Podfile.lock",
				"${PODS_ROOT}/Manifest.lock",
			);
			name = "[CP] Check Pods Manifest.lock";
			outputFileListPaths = (
			);
			outputPaths = (
				"$(DERIVED_FILE_DIR)/Pods-keanus_checkout_ios-checkManifestLockResult.txt",
			);
			runOnlyForDeploymentPostprocessing = 0;
			shellPath = /bin/sh;
			shellScript = "diff \"${PODS_PODFILE_DIR_PATH}/Podfile.lock\" \"${PODS_ROOT}/Manifest.lock\" > /dev/null\nif [ $? != 0 ] ; then\n    # print error to STDERR\n    echo \"error: The sandbox is not in sync with the Podfile.lock. Run 'pod install' or update your CocoaPods installation.\" >&2\n    exit 1\nfi\n# This output is used by Xcode 'outputs' to avoid re-running this script phase.\necho \"SUCCESS\" > \"${SCRIPT_OUTPUT_FILE_0}\"\n";
			showEnvVarsInLog = 0;
		};
/* End PBXShellScriptBuildPhase section */

/* Begin PBXSourcesBuildPhase section */
		6237A067284538DC00BD73BA /* Sources */ = {
			isa = PBXSourcesBuildPhase;
			buildActionMask = 2147483647;
			files = (
				6237A09C2845437300BD73BA /* ClingstoneColor.swift in Sources */,
				6237A06F284538DC00BD73BA /* AppDelegate.swift in Sources */,
				6237A0A0284543E900BD73BA /* ClingstoneLabel.swift in Sources */,
				6237A0AA2845454100BD73BA /* SetupScannerVM.swift in Sources */,
				6237A0A82845453700BD73BA /* SetupScannerVC.swift in Sources */,
				6237A0A6284544A700BD73BA /* ClingstoneButton.swift in Sources */,
				6237A0A32845442600BD73BA /* UIFont+Clingstone.swift in Sources */,
				6237A0AE2845456800BD73BA /* LaunchManager.swift in Sources */,
				6237A0AC2845454A00BD73BA /* SetupScannerView.swift in Sources */,
			);
			runOnlyForDeploymentPostprocessing = 0;
		};
/* End PBXSourcesBuildPhase section */

/* Begin PBXVariantGroup section */
		6237A079284538DC00BD73BA /* LaunchScreen.storyboard */ = {
			isa = PBXVariantGroup;
			children = (
				6237A07A284538DC00BD73BA /* Base */,
			);
			name = LaunchScreen.storyboard;
			sourceTree = "<group>";
		};
/* End PBXVariantGroup section */

/* Begin XCBuildConfiguration section */
		6237A07D284538DD00BD73BA /* Debug */ = {
			isa = XCBuildConfiguration;
			buildSettings = {
				ALWAYS_SEARCH_USER_PATHS = NO;
				CLANG_ANALYZER_NONNULL = YES;
				CLANG_ANALYZER_NUMBER_OBJECT_CONVERSION = YES_AGGRESSIVE;
				CLANG_CXX_LANGUAGE_STANDARD = "gnu++17";
				CLANG_ENABLE_MODULES = YES;
				CLANG_ENABLE_OBJC_ARC = YES;
				CLANG_ENABLE_OBJC_WEAK = YES;
				CLANG_WARN_BLOCK_CAPTURE_AUTORELEASING = YES;
				CLANG_WARN_BOOL_CONVERSION = YES;
				CLANG_WARN_COMMA = YES;
				CLANG_WARN_CONSTANT_CONVERSION = YES;
				CLANG_WARN_DEPRECATED_OBJC_IMPLEMENTATIONS = YES;
				CLANG_WARN_DIRECT_OBJC_ISA_USAGE = YES_ERROR;
				CLANG_WARN_DOCUMENTATION_COMMENTS = YES;
				CLANG_WARN_EMPTY_BODY = YES;
				CLANG_WARN_ENUM_CONVERSION = YES;
				CLANG_WARN_INFINITE_RECURSION = YES;
				CLANG_WARN_INT_CONVERSION = YES;
				CLANG_WARN_NON_LITERAL_NULL_CONVERSION = YES;
				CLANG_WARN_OBJC_IMPLICIT_RETAIN_SELF = YES;
				CLANG_WARN_OBJC_LITERAL_CONVERSION = YES;
				CLANG_WARN_OBJC_ROOT_CLASS = YES_ERROR;
				CLANG_WARN_QUOTED_INCLUDE_IN_FRAMEWORK_HEADER = YES;
				CLANG_WARN_RANGE_LOOP_ANALYSIS = YES;
				CLANG_WARN_STRICT_PROTOTYPES = YES;
				CLANG_WARN_SUSPICIOUS_MOVE = YES;
				CLANG_WARN_UNGUARDED_AVAILABILITY = YES_AGGRESSIVE;
				CLANG_WARN_UNREACHABLE_CODE = YES;
				CLANG_WARN__DUPLICATE_METHOD_MATCH = YES;
				COPY_PHASE_STRIP = NO;
				DEBUG_INFORMATION_FORMAT = dwarf;
				ENABLE_STRICT_OBJC_MSGSEND = YES;
				ENABLE_TESTABILITY = YES;
				GCC_C_LANGUAGE_STANDARD = gnu11;
				GCC_DYNAMIC_NO_PIC = NO;
				GCC_NO_COMMON_BLOCKS = YES;
				GCC_OPTIMIZATION_LEVEL = 0;
				GCC_PREPROCESSOR_DEFINITIONS = (
					"DEBUG=1",
					"$(inherited)",
				);
				GCC_WARN_64_TO_32_BIT_CONVERSION = YES;
				GCC_WARN_ABOUT_RETURN_TYPE = YES_ERROR;
				GCC_WARN_UNDECLARED_SELECTOR = YES;
				GCC_WARN_UNINITIALIZED_AUTOS = YES_AGGRESSIVE;
				GCC_WARN_UNUSED_FUNCTION = YES;
				GCC_WARN_UNUSED_VARIABLE = YES;
				IPHONEOS_DEPLOYMENT_TARGET = 15.4;
				MTL_ENABLE_DEBUG_INFO = INCLUDE_SOURCE;
				MTL_FAST_MATH = YES;
				ONLY_ACTIVE_ARCH = YES;
				SDKROOT = iphoneos;
				SWIFT_ACTIVE_COMPILATION_CONDITIONS = DEBUG;
				SWIFT_OPTIMIZATION_LEVEL = "-Onone";
			};
			name = Debug;
		};
		6237A07E284538DD00BD73BA /* Release */ = {
			isa = XCBuildConfiguration;
			buildSettings = {
				ALWAYS_SEARCH_USER_PATHS = NO;
				CLANG_ANALYZER_NONNULL = YES;
				CLANG_ANALYZER_NUMBER_OBJECT_CONVERSION = YES_AGGRESSIVE;
				CLANG_CXX_LANGUAGE_STANDARD = "gnu++17";
				CLANG_ENABLE_MODULES = YES;
				CLANG_ENABLE_OBJC_ARC = YES;
				CLANG_ENABLE_OBJC_WEAK = YES;
				CLANG_WARN_BLOCK_CAPTURE_AUTORELEASING = YES;
				CLANG_WARN_BOOL_CONVERSION = YES;
				CLANG_WARN_COMMA = YES;
				CLANG_WARN_CONSTANT_CONVERSION = YES;
				CLANG_WARN_DEPRECATED_OBJC_IMPLEMENTATIONS = YES;
				CLANG_WARN_DIRECT_OBJC_ISA_USAGE = YES_ERROR;
				CLANG_WARN_DOCUMENTATION_COMMENTS = YES;
				CLANG_WARN_EMPTY_BODY = YES;
				CLANG_WARN_ENUM_CONVERSION = YES;
				CLANG_WARN_INFINITE_RECURSION = YES;
				CLANG_WARN_INT_CONVERSION = YES;
				CLANG_WARN_NON_LITERAL_NULL_CONVERSION = YES;
				CLANG_WARN_OBJC_IMPLICIT_RETAIN_SELF = YES;
				CLANG_WARN_OBJC_LITERAL_CONVERSION = YES;
				CLANG_WARN_OBJC_ROOT_CLASS = YES_ERROR;
				CLANG_WARN_QUOTED_INCLUDE_IN_FRAMEWORK_HEADER = YES;
				CLANG_WARN_RANGE_LOOP_ANALYSIS = YES;
				CLANG_WARN_STRICT_PROTOTYPES = YES;
				CLANG_WARN_SUSPICIOUS_MOVE = YES;
				CLANG_WARN_UNGUARDED_AVAILABILITY = YES_AGGRESSIVE;
				CLANG_WARN_UNREACHABLE_CODE = YES;
				CLANG_WARN__DUPLICATE_METHOD_MATCH = YES;
				COPY_PHASE_STRIP = NO;
				DEBUG_INFORMATION_FORMAT = "dwarf-with-dsym";
				ENABLE_NS_ASSERTIONS = NO;
				ENABLE_STRICT_OBJC_MSGSEND = YES;
				GCC_C_LANGUAGE_STANDARD = gnu11;
				GCC_NO_COMMON_BLOCKS = YES;
				GCC_WARN_64_TO_32_BIT_CONVERSION = YES;
				GCC_WARN_ABOUT_RETURN_TYPE = YES_ERROR;
				GCC_WARN_UNDECLARED_SELECTOR = YES;
				GCC_WARN_UNINITIALIZED_AUTOS = YES_AGGRESSIVE;
				GCC_WARN_UNUSED_FUNCTION = YES;
				GCC_WARN_UNUSED_VARIABLE = YES;
				IPHONEOS_DEPLOYMENT_TARGET = 15.4;
				MTL_ENABLE_DEBUG_INFO = NO;
				MTL_FAST_MATH = YES;
				SDKROOT = iphoneos;
				SWIFT_COMPILATION_MODE = wholemodule;
				SWIFT_OPTIMIZATION_LEVEL = "-O";
				VALIDATE_PRODUCT = YES;
			};
			name = Release;
		};
		6237A080284538DD00BD73BA /* Debug */ = {
			isa = XCBuildConfiguration;
			baseConfigurationReference = 78CCA053A757BCBC8B2CBFAD /* Pods-keanus_checkout_ios.debug.xcconfig */;
			buildSettings = {
				ASSETCATALOG_COMPILER_APPICON_NAME = AppIcon;
				ASSETCATALOG_COMPILER_GLOBAL_ACCENT_COLOR_NAME = AccentColor;
				CODE_SIGN_STYLE = Automatic;
				CURRENT_PROJECT_VERSION = 1;
				DEVELOPMENT_TEAM = QV4C435N4G;
				FRAMEWORK_SEARCH_PATHS = (
					"$(inherited)",
					"$(PROJECT_DIR)",
					"$(PROJECT_DIR)/Resources",
				);
				GENERATE_INFOPLIST_FILE = YES;
				INFOPLIST_FILE = keanus_checkout_ios/Info.plist;
				INFOPLIST_KEY_CFBundleDisplayName = "Keanu's Checkout";
				INFOPLIST_KEY_UIApplicationSupportsIndirectInputEvents = YES;
				INFOPLIST_KEY_UILaunchStoryboardName = LaunchScreen;
				INFOPLIST_KEY_UISupportedInterfaceOrientations_iPad = "UIInterfaceOrientationPortrait UIInterfaceOrientationPortraitUpsideDown UIInterfaceOrientationLandscapeLeft UIInterfaceOrientationLandscapeRight";
				INFOPLIST_KEY_UISupportedInterfaceOrientations_iPhone = "UIInterfaceOrientationPortrait UIInterfaceOrientationLandscapeLeft UIInterfaceOrientationLandscapeRight";
				IPHONEOS_DEPLOYMENT_TARGET = 15.0;
				LD_RUNPATH_SEARCH_PATHS = (
					"$(inherited)",
					"@executable_path/Frameworks",
				);
				MARKETING_VERSION = 1.0;
				PRODUCT_BUNDLE_IDENTIFIER = "com.clingstone.keanus-checkout-ios";
				PRODUCT_NAME = "$(TARGET_NAME)";
				SWIFT_EMIT_LOC_STRINGS = YES;
				SWIFT_VERSION = 5.0;
				TARGETED_DEVICE_FAMILY = "1,2";
			};
			name = Debug;
		};
		6237A081284538DD00BD73BA /* Release */ = {
			isa = XCBuildConfiguration;
			baseConfigurationReference = 72FC978E00FA9030526FEC16 /* Pods-keanus_checkout_ios.release.xcconfig */;
			buildSettings = {
				ASSETCATALOG_COMPILER_APPICON_NAME = AppIcon;
				ASSETCATALOG_COMPILER_GLOBAL_ACCENT_COLOR_NAME = AccentColor;
				CODE_SIGN_STYLE = Automatic;
				CURRENT_PROJECT_VERSION = 1;
				DEVELOPMENT_TEAM = QV4C435N4G;
				FRAMEWORK_SEARCH_PATHS = (
					"$(inherited)",
					"$(PROJECT_DIR)",
				);
				GENERATE_INFOPLIST_FILE = YES;
				INFOPLIST_FILE = keanus_checkout_ios/Info.plist;
				INFOPLIST_KEY_CFBundleDisplayName = "Keanu's Checkout";
				INFOPLIST_KEY_UIApplicationSupportsIndirectInputEvents = YES;
				INFOPLIST_KEY_UILaunchStoryboardName = LaunchScreen;
				INFOPLIST_KEY_UISupportedInterfaceOrientations_iPad = "UIInterfaceOrientationPortrait UIInterfaceOrientationPortraitUpsideDown UIInterfaceOrientationLandscapeLeft UIInterfaceOrientationLandscapeRight";
				INFOPLIST_KEY_UISupportedInterfaceOrientations_iPhone = "UIInterfaceOrientationPortrait UIInterfaceOrientationLandscapeLeft UIInterfaceOrientationLandscapeRight";
				IPHONEOS_DEPLOYMENT_TARGET = 15.0;
				LD_RUNPATH_SEARCH_PATHS = (
					"$(inherited)",
					"@executable_path/Frameworks",
				);
				MARKETING_VERSION = 1.0;
				PRODUCT_BUNDLE_IDENTIFIER = "com.clingstone.keanus-checkout-ios";
				PRODUCT_NAME = "$(TARGET_NAME)";
				SWIFT_EMIT_LOC_STRINGS = YES;
				SWIFT_VERSION = 5.0;
				TARGETED_DEVICE_FAMILY = "1,2";
			};
			name = Release;
		};
/* End XCBuildConfiguration section */

/* Begin XCConfigurationList section */
		6237A066284538DC00BD73BA /* Build configuration list for PBXProject "keanus_checkout_ios" */ = {
			isa = XCConfigurationList;
			buildConfigurations = (
				6237A07D284538DD00BD73BA /* Debug */,
				6237A07E284538DD00BD73BA /* Release */,
			);
			defaultConfigurationIsVisible = 0;
			defaultConfigurationName = Release;
		};
		6237A07F284538DD00BD73BA /* Build configuration list for PBXNativeTarget "keanus_checkout_ios" */ = {
			isa = XCConfigurationList;
			buildConfigurations = (
				6237A080284538DD00BD73BA /* Debug */,
				6237A081284538DD00BD73BA /* Release */,
			);
			defaultConfigurationIsVisible = 0;
			defaultConfigurationName = Release;
		};
/* End XCConfigurationList section */
	};
	rootObject = 6237A063284538DC00BD73BA /* Project object */;
}
